
Microsoft Visual Studio Solution File, Format Version 12.00
# Visual Studio 15
VisualStudioVersion = 15.0.28010.2036
MinimumVisualStudioVersion = 10.0.40219.1
Project("{FAE04EC0-301F-11D3-BF4B-00C04F79EFBC}") = "ReadLoad", "ReadLoad\ReadLoad.csproj", "{AE350DC5-0BCF-451E-8CCB-0BC675774FBF}"
EndProject
Global
	GlobalSection(SolutionConfigurationPlatforms) = preSolution
		Debug|Any CPU = Debug|Any CPU
		Release|Any CPU = Release|Any CPU
	EndGlobalSection
	GlobalSection(ProjectConfigurationPlatforms) = postSolution
		{AE350DC5-0BCF-451E-8CCB-0BC675774FBF}.Debug|Any CPU.ActiveCfg = Debug|Any CPU
		{AE350DC5-0BCF-451E-8CCB-0BC675774FBF}.Debug|Any CPU.Build.0 = Debug|Any CPU
		{AE350DC5-0BCF-451E-8CCB-0BC675774FBF}.Release|Any CPU.ActiveCfg = Release|Any CPU
		{AE350DC5-0BCF-451E-8CCB-0BC675774FBF}.Release|Any CPU.Build.0 = Release|Any CPU
	EndGlobalSection
	GlobalSection(SolutionProperties) = preSolution
		HideSolutionNode = FALSE
	EndGlobalSection
	GlobalSection(ExtensibilityGlobals) = postSolution
		SolutionGuid = {75EE39D6-A907-4D29-9AFE-965F695E5640}
	EndGlobalSection
EndGlobal
